
Microsoft Visual Studio Solution File, Format Version 12.00
# Visual Studio Version 17
VisualStudioVersion = 17.0.31912.275
MinimumVisualStudioVersion = 10.0.40219.1
Project("{9A19103F-16F7-4668-BE54-9A1E7A4F7556}") = "Day0-HelloWorld", "HackerRank30daysChallenge\Day0-HelloWorld.csproj", "{031FB976-DCEB-4309-A2B3-1B5C7FF04851}"
EndProject
Project("{9A19103F-16F7-4668-BE54-9A1E7A4F7556}") = "Day01-Data Types", "Day1-Data Types\Day01-Data Types.csproj", "{FF564692-39AF-43CA-9482-A673EA8C7A80}"
EndProject
Project("{9A19103F-16F7-4668-BE54-9A1E7A4F7556}") = "Day02-Operator", "Day02\Day02-Operator.csproj", "{C96FC331-A805-4FFA-89BA-C065A6CD3A48}"
EndProject
Project("{9A19103F-16F7-4668-BE54-9A1E7A4F7556}") = "Day03 - Conditional", "Day03\Day03 - Conditional.csproj", "{3AE45070-8B9D-46E3-BDCC-447AD016985E}"
EndProject
Project("{9A19103F-16F7-4668-BE54-9A1E7A4F7556}") = "Day04- Class vs Instance", "Day04- Class vs Instance\Day04- Class vs Instance.csproj", "{82F46071-C16C-4CFD-B11A-A2EE0AE838D5}"
EndProject
Project("{9A19103F-16F7-4668-BE54-9A1E7A4F7556}") = "Day 05 - Loops", "Day 05 - Loops\Day 05 - Loops.csproj", "{CA53D805-C03F-4B1B-9ACE-B1EE71F4C2F6}"
EndProject
Project("{FAE04EC0-301F-11D3-BF4B-00C04F79EFBC}") = "Day06", "Day06\Day06.csproj", "{AB39D080-B106-4FEB-946C-0F72677C6FC7}"
EndProject
Global
	GlobalSection(SolutionConfigurationPlatforms) = preSolution
		Debug|Any CPU = Debug|Any CPU
		Release|Any CPU = Release|Any CPU
	EndGlobalSection
	GlobalSection(ProjectConfigurationPlatforms) = postSolution
		{031FB976-DCEB-4309-A2B3-1B5C7FF04851}.Debug|Any CPU.ActiveCfg = Debug|Any CPU
		{031FB976-DCEB-4309-A2B3-1B5C7FF04851}.Debug|Any CPU.Build.0 = Debug|Any CPU
		{031FB976-DCEB-4309-A2B3-1B5C7FF04851}.Release|Any CPU.ActiveCfg = Release|Any CPU
		{031FB976-DCEB-4309-A2B3-1B5C7FF04851}.Release|Any CPU.Build.0 = Release|Any CPU
		{FF564692-39AF-43CA-9482-A673EA8C7A80}.Debug|Any CPU.ActiveCfg = Debug|Any CPU
		{FF564692-39AF-43CA-9482-A673EA8C7A80}.Debug|Any CPU.Build.0 = Debug|Any CPU
		{FF564692-39AF-43CA-9482-A673EA8C7A80}.Release|Any CPU.ActiveCfg = Release|Any CPU
		{FF564692-39AF-43CA-9482-A673EA8C7A80}.Release|Any CPU.Build.0 = Release|Any CPU
		{C96FC331-A805-4FFA-89BA-C065A6CD3A48}.Debug|Any CPU.ActiveCfg = Debug|Any CPU
		{C96FC331-A805-4FFA-89BA-C065A6CD3A48}.Debug|Any CPU.Build.0 = Debug|Any CPU
		{C96FC331-A805-4FFA-89BA-C065A6CD3A48}.Release|Any CPU.ActiveCfg = Release|Any CPU
		{C96FC331-A805-4FFA-89BA-C065A6CD3A48}.Release|Any CPU.Build.0 = Release|Any CPU
		{3AE45070-8B9D-46E3-BDCC-447AD016985E}.Debug|Any CPU.ActiveCfg = Debug|Any CPU
		{3AE45070-8B9D-46E3-BDCC-447AD016985E}.Debug|Any CPU.Build.0 = Debug|Any CPU
		{3AE45070-8B9D-46E3-BDCC-447AD016985E}.Release|Any CPU.ActiveCfg = Release|Any CPU
		{3AE45070-8B9D-46E3-BDCC-447AD016985E}.Release|Any CPU.Build.0 = Release|Any CPU
		{82F46071-C16C-4CFD-B11A-A2EE0AE838D5}.Debug|Any CPU.ActiveCfg = Debug|Any CPU
		{82F46071-C16C-4CFD-B11A-A2EE0AE838D5}.Debug|Any CPU.Build.0 = Debug|Any CPU
		{82F46071-C16C-4CFD-B11A-A2EE0AE838D5}.Release|Any CPU.ActiveCfg = Release|Any CPU
		{82F46071-C16C-4CFD-B11A-A2EE0AE838D5}.Release|Any CPU.Build.0 = Release|Any CPU
		{CA53D805-C03F-4B1B-9ACE-B1EE71F4C2F6}.Debug|Any CPU.ActiveCfg = Debug|Any CPU
		{CA53D805-C03F-4B1B-9ACE-B1EE71F4C2F6}.Debug|Any CPU.Build.0 = Debug|Any CPU
		{CA53D805-C03F-4B1B-9ACE-B1EE71F4C2F6}.Release|Any CPU.ActiveCfg = Release|Any CPU
		{CA53D805-C03F-4B1B-9ACE-B1EE71F4C2F6}.Release|Any CPU.Build.0 = Release|Any CPU
		{AB39D080-B106-4FEB-946C-0F72677C6FC7}.Debug|Any CPU.ActiveCfg = Debug|Any CPU
		{AB39D080-B106-4FEB-946C-0F72677C6FC7}.Debug|Any CPU.Build.0 = Debug|Any CPU
		{AB39D080-B106-4FEB-946C-0F72677C6FC7}.Release|Any CPU.ActiveCfg = Release|Any CPU
		{AB39D080-B106-4FEB-946C-0F72677C6FC7}.Release|Any CPU.Build.0 = Release|Any CPU
	EndGlobalSection
	GlobalSection(SolutionProperties) = preSolution
		HideSolutionNode = FALSE
	EndGlobalSection
	GlobalSection(ExtensibilityGlobals) = postSolution
		SolutionGuid = {8F65EA7A-980D-434E-9108-E3633B28AA72}
	EndGlobalSection
EndGlobal
